
Microsoft Visual Studio Solution File, Format Version 12.00
# Visual Studio Version 16
VisualStudioVersion = 16.0.30503.244
MinimumVisualStudioVersion = 10.0.40219.1
Project("{FAE04EC0-301F-11D3-BF4B-00C04F79EFBC}") = "MongoDBSampleAPI", "MongoDBSampleAPI\MongoDBSampleAPI.csproj", "{A27D63FB-D415-4668-880D-955466DBD693}"
EndProject
Global
	GlobalSection(SolutionConfigurationPlatforms) = preSolution
		Debug|Any CPU = Debug|Any CPU
		Release|Any CPU = Release|Any CPU
	EndGlobalSection
	GlobalSection(ProjectConfigurationPlatforms) = postSolution
		{A27D63FB-D415-4668-880D-955466DBD693}.Debug|Any CPU.ActiveCfg = Debug|Any CPU
		{A27D63FB-D415-4668-880D-955466DBD693}.Debug|Any CPU.Build.0 = Debug|Any CPU
		{A27D63FB-D415-4668-880D-955466DBD693}.Release|Any CPU.ActiveCfg = Release|Any CPU
		{A27D63FB-D415-4668-880D-955466DBD693}.Release|Any CPU.Build.0 = Release|Any CPU
	EndGlobalSection
	GlobalSection(SolutionProperties) = preSolution
		HideSolutionNode = FALSE
	EndGlobalSection
	GlobalSection(ExtensibilityGlobals) = postSolution
		SolutionGuid = {2CC2A191-94EF-4E69-952D-2A36B220964E}
	EndGlobalSection
EndGlobal
